{
  "name": "vue-admin-template",
  "version": "4.4.0",
  "lockfileVersion": 1,
  "requires": true,
  "dependencies": {
    "js-sha256": {
      "version": "0.10.1",
      "resolved": "https://registry.npmjs.org/js-sha256/-/js-sha256-0.10.1.tgz",
      "integrity": "sha512-5obBtsz9301ULlsgggLg542s/jqtddfOpV5KJc4hajc9JV8GeY2gZHSVpYBn4nWqAUTJ9v+xwtbJ1mIBgIH5Vw=="
    },
    "vue-count-to": {
      "version": "1.0.13",
      "resolved": "https://registry.npmjs.org/vue-count-to/-/vue-count-to-1.0.13.tgz",
      "integrity": "sha512-6R4OVBVNtQTlcbXu6SJ8ENR35M2/CdWt3Jmv57jOUM+1ojiFmjVGvZPH8DfHpMDSA+ITs+EW5V6qthADxeyYOQ=="
    }
  }
}
